
Microsoft Visual Studio Solution File, Format Version 12.00
# Visual Studio Version 16
VisualStudioVersion = 16.0.28809.33
MinimumVisualStudioVersion = 10.0.40219.1
Project("{8BC9CEB8-8B4A-11D0-8D11-00A0C91BC942}") = "Library", "Library\Library.vcxproj", "{327BADA9-D7DB-4CFC-A1F2-E1EDC2243CF6}"
EndProject
Project("{8BC9CEB8-8B4A-11D0-8D11-00A0C91BC942}") = "Backtester", "Backtester\Backtester.vcxproj", "{5152C656-45C3-4606-A20A-B28B3AEB36F3}"
EndProject
Project("{8BC9CEB8-8B4A-11D0-8D11-00A0C91BC942}") = "LibraryTest", "LibraryTest\LibraryTest.vcxproj", "{0F273825-F829-4A61-A937-4A9EFFDCB472}"
EndProject
Project("{8BC9CEB8-8B4A-11D0-8D11-00A0C91BC942}") = "BacktesterTest", "BacktesterTest\BacktesterTest.vcxproj", "{CE12CA3D-8323-4A9B-8891-4CED4DC626CB}"
EndProject
Global
	GlobalSection(SolutionConfigurationPlatforms) = preSolution
		Debug|x64 = Debug|x64
		Release|x64 = Release|x64
	EndGlobalSection
	GlobalSection(ProjectConfigurationPlatforms) = postSolution
		{327BADA9-D7DB-4CFC-A1F2-E1EDC2243CF6}.Debug|x64.ActiveCfg = Debug|x64
		{327BADA9-D7DB-4CFC-A1F2-E1EDC2243CF6}.Debug|x64.Build.0 = Debug|x64
		{327BADA9-D7DB-4CFC-A1F2-E1EDC2243CF6}.Release|x64.ActiveCfg = Release|x64
		{327BADA9-D7DB-4CFC-A1F2-E1EDC2243CF6}.Release|x64.Build.0 = Release|x64
		{5152C656-45C3-4606-A20A-B28B3AEB36F3}.Debug|x64.ActiveCfg = Debug|x64
		{5152C656-45C3-4606-A20A-B28B3AEB36F3}.Debug|x64.Build.0 = Debug|x64
		{5152C656-45C3-4606-A20A-B28B3AEB36F3}.Release|x64.ActiveCfg = Release|x64
		{5152C656-45C3-4606-A20A-B28B3AEB36F3}.Release|x64.Build.0 = Release|x64
		{0F273825-F829-4A61-A937-4A9EFFDCB472}.Debug|x64.ActiveCfg = Debug|x64
		{0F273825-F829-4A61-A937-4A9EFFDCB472}.Debug|x64.Build.0 = Debug|x64
		{0F273825-F829-4A61-A937-4A9EFFDCB472}.Release|x64.ActiveCfg = Release|x64
		{0F273825-F829-4A61-A937-4A9EFFDCB472}.Release|x64.Build.0 = Release|x64
		{CE12CA3D-8323-4A9B-8891-4CED4DC626CB}.Debug|x64.ActiveCfg = Debug|x64
		{CE12CA3D-8323-4A9B-8891-4CED4DC626CB}.Debug|x64.Build.0 = Debug|x64
		{CE12CA3D-8323-4A9B-8891-4CED4DC626CB}.Release|x64.ActiveCfg = Release|x64
		{CE12CA3D-8323-4A9B-8891-4CED4DC626CB}.Release|x64.Build.0 = Release|x64
	EndGlobalSection
	GlobalSection(SolutionProperties) = preSolution
		HideSolutionNode = FALSE
	EndGlobalSection
	GlobalSection(ExtensibilityGlobals) = postSolution
		SolutionGuid = {8C58D18D-4B19-4E60-A5F0-0F1539D22405}
	EndGlobalSection
EndGlobal
