
Microsoft Visual Studio Solution File, Format Version 12.00
# Visual Studio Version 16
VisualStudioVersion = 16.0.28809.33
MinimumVisualStudioVersion = 10.0.40219.1
Project("{8BC9CEB8-8B4A-11D0-8D11-00A0C91BC942}") = "Trader", "Trader\Trader.vcxproj", "{B78454B9-043A-4EBE-B45A-4D9498718A3A}"
EndProject
Project("{8BC9CEB8-8B4A-11D0-8D11-00A0C91BC942}") = "Backtester", "Backtester\Backtester.vcxproj", "{5152C656-45C3-4606-A20A-B28B3AEB36F3}"
EndProject
Project("{8BC9CEB8-8B4A-11D0-8D11-00A0C91BC942}") = "Common", "Common\Common.vcxproj", "{520A0B5B-2155-4A82-BAFE-9C66BC4BCE78}"
EndProject
Project("{8BC9CEB8-8B4A-11D0-8D11-00A0C91BC942}") = "CommonTest", "CommonTest\CommonTest.vcxproj", "{F3BDB99F-8811-462F-A649-56FD35162E6A}"
EndProject
Project("{8BC9CEB8-8B4A-11D0-8D11-00A0C91BC942}") = "BacktesterTest", "BacktesterTest\BacktesterTest.vcxproj", "{9695725A-5210-4258-ACC3-B69F02AEDFE2}"
EndProject
Project("{8BC9CEB8-8B4A-11D0-8D11-00A0C91BC942}") = "TraderTest", "TraderTest\TraderTest.vcxproj", "{5B025510-E4B6-4ABA-9DB7-493D8F55A313}"
EndProject
Project("{8BC9CEB8-8B4A-11D0-8D11-00A0C91BC942}") = "OrderProcessor", "OrderProcessor\OrderProcessor.vcxproj", "{6A120DFC-1F4E-4ACE-85FA-BAD9CCCFB212}"
EndProject
Project("{8BC9CEB8-8B4A-11D0-8D11-00A0C91BC942}") = "AssetManager", "AssetManager\AssetManager.vcxproj", "{79C03956-E54B-4900-B125-F221BE3707F1}"
EndProject
Project("{8BC9CEB8-8B4A-11D0-8D11-00A0C91BC942}") = "TickFetcher", "TickFetcher\TickFetcher.vcxproj", "{D2FD8A4E-6A73-4630-B5BD-93BB9F40DC72}"
EndProject
Project("{8BC9CEB8-8B4A-11D0-8D11-00A0C91BC942}") = "StrengthAnalyzer", "StrengthAnalyzer\StrengthAnalyzer.vcxproj", "{9954AF60-5A99-4358-B783-E0EAD9711EB4}"
EndProject
Project("{8BC9CEB8-8B4A-11D0-8D11-00A0C91BC942}") = "AssetManagerTest", "AssetManagerTest\AssetManagerTest.vcxproj", "{64174659-1137-47B6-A2ED-CE032D2FAE48}"
EndProject
Project("{8BC9CEB8-8B4A-11D0-8D11-00A0C91BC942}") = "OrderProcessorTest", "OrderProcessorTest\OrderProcessorTest.vcxproj", "{16E067D3-EE02-4AC9-A2D2-A0293CAFF566}"
EndProject
Project("{8BC9CEB8-8B4A-11D0-8D11-00A0C91BC942}") = "StrengthAnalyzerTest", "StrengthAnalyzerTest\StrengthAnalyzerTest.vcxproj", "{2091E383-F9C9-496A-AC7E-7B03112F2496}"
EndProject
Global
	GlobalSection(SolutionConfigurationPlatforms) = preSolution
		Debug|x64 = Debug|x64
		Debug|x86 = Debug|x86
		Release|x64 = Release|x64
		Release|x86 = Release|x86
	EndGlobalSection
	GlobalSection(ProjectConfigurationPlatforms) = postSolution
		{B78454B9-043A-4EBE-B45A-4D9498718A3A}.Debug|x64.ActiveCfg = Debug|x64
		{B78454B9-043A-4EBE-B45A-4D9498718A3A}.Debug|x64.Build.0 = Debug|x64
		{B78454B9-043A-4EBE-B45A-4D9498718A3A}.Debug|x86.ActiveCfg = Debug|Win32
		{B78454B9-043A-4EBE-B45A-4D9498718A3A}.Debug|x86.Build.0 = Debug|Win32
		{B78454B9-043A-4EBE-B45A-4D9498718A3A}.Release|x64.ActiveCfg = Release|x64
		{B78454B9-043A-4EBE-B45A-4D9498718A3A}.Release|x64.Build.0 = Release|x64
		{B78454B9-043A-4EBE-B45A-4D9498718A3A}.Release|x86.ActiveCfg = Release|Win32
		{B78454B9-043A-4EBE-B45A-4D9498718A3A}.Release|x86.Build.0 = Release|Win32
		{5152C656-45C3-4606-A20A-B28B3AEB36F3}.Debug|x64.ActiveCfg = Debug|x64
		{5152C656-45C3-4606-A20A-B28B3AEB36F3}.Debug|x64.Build.0 = Debug|x64
		{5152C656-45C3-4606-A20A-B28B3AEB36F3}.Debug|x86.ActiveCfg = Debug|Win32
		{5152C656-45C3-4606-A20A-B28B3AEB36F3}.Debug|x86.Build.0 = Debug|Win32
		{5152C656-45C3-4606-A20A-B28B3AEB36F3}.Release|x64.ActiveCfg = Release|x64
		{5152C656-45C3-4606-A20A-B28B3AEB36F3}.Release|x64.Build.0 = Release|x64
		{5152C656-45C3-4606-A20A-B28B3AEB36F3}.Release|x86.ActiveCfg = Release|Win32
		{5152C656-45C3-4606-A20A-B28B3AEB36F3}.Release|x86.Build.0 = Release|Win32
		{520A0B5B-2155-4A82-BAFE-9C66BC4BCE78}.Debug|x64.ActiveCfg = Debug|x64
		{520A0B5B-2155-4A82-BAFE-9C66BC4BCE78}.Debug|x64.Build.0 = Debug|x64
		{520A0B5B-2155-4A82-BAFE-9C66BC4BCE78}.Debug|x86.ActiveCfg = Debug|Win32
		{520A0B5B-2155-4A82-BAFE-9C66BC4BCE78}.Debug|x86.Build.0 = Debug|Win32
		{520A0B5B-2155-4A82-BAFE-9C66BC4BCE78}.Release|x64.ActiveCfg = Release|x64
		{520A0B5B-2155-4A82-BAFE-9C66BC4BCE78}.Release|x64.Build.0 = Release|x64
		{520A0B5B-2155-4A82-BAFE-9C66BC4BCE78}.Release|x86.ActiveCfg = Release|Win32
		{520A0B5B-2155-4A82-BAFE-9C66BC4BCE78}.Release|x86.Build.0 = Release|Win32
		{F3BDB99F-8811-462F-A649-56FD35162E6A}.Debug|x64.ActiveCfg = Debug|x64
		{F3BDB99F-8811-462F-A649-56FD35162E6A}.Debug|x64.Build.0 = Debug|x64
		{F3BDB99F-8811-462F-A649-56FD35162E6A}.Debug|x86.ActiveCfg = Debug|Win32
		{F3BDB99F-8811-462F-A649-56FD35162E6A}.Debug|x86.Build.0 = Debug|Win32
		{F3BDB99F-8811-462F-A649-56FD35162E6A}.Release|x64.ActiveCfg = Release|x64
		{F3BDB99F-8811-462F-A649-56FD35162E6A}.Release|x64.Build.0 = Release|x64
		{F3BDB99F-8811-462F-A649-56FD35162E6A}.Release|x86.ActiveCfg = Release|Win32
		{F3BDB99F-8811-462F-A649-56FD35162E6A}.Release|x86.Build.0 = Release|Win32
		{9695725A-5210-4258-ACC3-B69F02AEDFE2}.Debug|x64.ActiveCfg = Debug|x64
		{9695725A-5210-4258-ACC3-B69F02AEDFE2}.Debug|x64.Build.0 = Debug|x64
		{9695725A-5210-4258-ACC3-B69F02AEDFE2}.Debug|x86.ActiveCfg = Debug|Win32
		{9695725A-5210-4258-ACC3-B69F02AEDFE2}.Debug|x86.Build.0 = Debug|Win32
		{9695725A-5210-4258-ACC3-B69F02AEDFE2}.Release|x64.ActiveCfg = Release|x64
		{9695725A-5210-4258-ACC3-B69F02AEDFE2}.Release|x64.Build.0 = Release|x64
		{9695725A-5210-4258-ACC3-B69F02AEDFE2}.Release|x86.ActiveCfg = Release|Win32
		{9695725A-5210-4258-ACC3-B69F02AEDFE2}.Release|x86.Build.0 = Release|Win32
		{5B025510-E4B6-4ABA-9DB7-493D8F55A313}.Debug|x64.ActiveCfg = Debug|x64
		{5B025510-E4B6-4ABA-9DB7-493D8F55A313}.Debug|x64.Build.0 = Debug|x64
		{5B025510-E4B6-4ABA-9DB7-493D8F55A313}.Debug|x86.ActiveCfg = Debug|Win32
		{5B025510-E4B6-4ABA-9DB7-493D8F55A313}.Debug|x86.Build.0 = Debug|Win32
		{5B025510-E4B6-4ABA-9DB7-493D8F55A313}.Release|x64.ActiveCfg = Release|x64
		{5B025510-E4B6-4ABA-9DB7-493D8F55A313}.Release|x64.Build.0 = Release|x64
		{5B025510-E4B6-4ABA-9DB7-493D8F55A313}.Release|x86.ActiveCfg = Release|Win32
		{5B025510-E4B6-4ABA-9DB7-493D8F55A313}.Release|x86.Build.0 = Release|Win32
		{6A120DFC-1F4E-4ACE-85FA-BAD9CCCFB212}.Debug|x64.ActiveCfg = Debug|x64
		{6A120DFC-1F4E-4ACE-85FA-BAD9CCCFB212}.Debug|x64.Build.0 = Debug|x64
		{6A120DFC-1F4E-4ACE-85FA-BAD9CCCFB212}.Debug|x86.ActiveCfg = Debug|Win32
		{6A120DFC-1F4E-4ACE-85FA-BAD9CCCFB212}.Debug|x86.Build.0 = Debug|Win32
		{6A120DFC-1F4E-4ACE-85FA-BAD9CCCFB212}.Release|x64.ActiveCfg = Release|x64
		{6A120DFC-1F4E-4ACE-85FA-BAD9CCCFB212}.Release|x64.Build.0 = Release|x64
		{6A120DFC-1F4E-4ACE-85FA-BAD9CCCFB212}.Release|x86.ActiveCfg = Release|Win32
		{6A120DFC-1F4E-4ACE-85FA-BAD9CCCFB212}.Release|x86.Build.0 = Release|Win32
		{79C03956-E54B-4900-B125-F221BE3707F1}.Debug|x64.ActiveCfg = Debug|x64
		{79C03956-E54B-4900-B125-F221BE3707F1}.Debug|x64.Build.0 = Debug|x64
		{79C03956-E54B-4900-B125-F221BE3707F1}.Debug|x86.ActiveCfg = Debug|Win32
		{79C03956-E54B-4900-B125-F221BE3707F1}.Debug|x86.Build.0 = Debug|Win32
		{79C03956-E54B-4900-B125-F221BE3707F1}.Release|x64.ActiveCfg = Release|x64
		{79C03956-E54B-4900-B125-F221BE3707F1}.Release|x64.Build.0 = Release|x64
		{79C03956-E54B-4900-B125-F221BE3707F1}.Release|x86.ActiveCfg = Release|Win32
		{79C03956-E54B-4900-B125-F221BE3707F1}.Release|x86.Build.0 = Release|Win32
		{D2FD8A4E-6A73-4630-B5BD-93BB9F40DC72}.Debug|x64.ActiveCfg = Debug|x64
		{D2FD8A4E-6A73-4630-B5BD-93BB9F40DC72}.Debug|x64.Build.0 = Debug|x64
		{D2FD8A4E-6A73-4630-B5BD-93BB9F40DC72}.Debug|x86.ActiveCfg = Debug|Win32
		{D2FD8A4E-6A73-4630-B5BD-93BB9F40DC72}.Debug|x86.Build.0 = Debug|Win32
		{D2FD8A4E-6A73-4630-B5BD-93BB9F40DC72}.Release|x64.ActiveCfg = Release|x64
		{D2FD8A4E-6A73-4630-B5BD-93BB9F40DC72}.Release|x64.Build.0 = Release|x64
		{D2FD8A4E-6A73-4630-B5BD-93BB9F40DC72}.Release|x86.ActiveCfg = Release|Win32
		{D2FD8A4E-6A73-4630-B5BD-93BB9F40DC72}.Release|x86.Build.0 = Release|Win32
		{9954AF60-5A99-4358-B783-E0EAD9711EB4}.Debug|x64.ActiveCfg = Debug|x64
		{9954AF60-5A99-4358-B783-E0EAD9711EB4}.Debug|x64.Build.0 = Debug|x64
		{9954AF60-5A99-4358-B783-E0EAD9711EB4}.Debug|x86.ActiveCfg = Debug|Win32
		{9954AF60-5A99-4358-B783-E0EAD9711EB4}.Debug|x86.Build.0 = Debug|Win32
		{9954AF60-5A99-4358-B783-E0EAD9711EB4}.Release|x64.ActiveCfg = Release|x64
		{9954AF60-5A99-4358-B783-E0EAD9711EB4}.Release|x64.Build.0 = Release|x64
		{9954AF60-5A99-4358-B783-E0EAD9711EB4}.Release|x86.ActiveCfg = Release|Win32
		{9954AF60-5A99-4358-B783-E0EAD9711EB4}.Release|x86.Build.0 = Release|Win32
		{64174659-1137-47B6-A2ED-CE032D2FAE48}.Debug|x64.ActiveCfg = Debug|x64
		{64174659-1137-47B6-A2ED-CE032D2FAE48}.Debug|x64.Build.0 = Debug|x64
		{64174659-1137-47B6-A2ED-CE032D2FAE48}.Debug|x86.ActiveCfg = Debug|Win32
		{64174659-1137-47B6-A2ED-CE032D2FAE48}.Debug|x86.Build.0 = Debug|Win32
		{64174659-1137-47B6-A2ED-CE032D2FAE48}.Release|x64.ActiveCfg = Release|x64
		{64174659-1137-47B6-A2ED-CE032D2FAE48}.Release|x64.Build.0 = Release|x64
		{64174659-1137-47B6-A2ED-CE032D2FAE48}.Release|x86.ActiveCfg = Release|Win32
		{64174659-1137-47B6-A2ED-CE032D2FAE48}.Release|x86.Build.0 = Release|Win32
		{16E067D3-EE02-4AC9-A2D2-A0293CAFF566}.Debug|x64.ActiveCfg = Debug|x64
		{16E067D3-EE02-4AC9-A2D2-A0293CAFF566}.Debug|x64.Build.0 = Debug|x64
		{16E067D3-EE02-4AC9-A2D2-A0293CAFF566}.Debug|x86.ActiveCfg = Debug|Win32
		{16E067D3-EE02-4AC9-A2D2-A0293CAFF566}.Debug|x86.Build.0 = Debug|Win32
		{16E067D3-EE02-4AC9-A2D2-A0293CAFF566}.Release|x64.ActiveCfg = Release|x64
		{16E067D3-EE02-4AC9-A2D2-A0293CAFF566}.Release|x64.Build.0 = Release|x64
		{16E067D3-EE02-4AC9-A2D2-A0293CAFF566}.Release|x86.ActiveCfg = Release|Win32
		{16E067D3-EE02-4AC9-A2D2-A0293CAFF566}.Release|x86.Build.0 = Release|Win32
		{2091E383-F9C9-496A-AC7E-7B03112F2496}.Debug|x64.ActiveCfg = Debug|x64
		{2091E383-F9C9-496A-AC7E-7B03112F2496}.Debug|x64.Build.0 = Debug|x64
		{2091E383-F9C9-496A-AC7E-7B03112F2496}.Debug|x86.ActiveCfg = Debug|Win32
		{2091E383-F9C9-496A-AC7E-7B03112F2496}.Debug|x86.Build.0 = Debug|Win32
		{2091E383-F9C9-496A-AC7E-7B03112F2496}.Release|x64.ActiveCfg = Release|x64
		{2091E383-F9C9-496A-AC7E-7B03112F2496}.Release|x64.Build.0 = Release|x64
		{2091E383-F9C9-496A-AC7E-7B03112F2496}.Release|x86.ActiveCfg = Release|Win32
		{2091E383-F9C9-496A-AC7E-7B03112F2496}.Release|x86.Build.0 = Release|Win32
	EndGlobalSection
	GlobalSection(SolutionProperties) = preSolution
		HideSolutionNode = FALSE
	EndGlobalSection
	GlobalSection(ExtensibilityGlobals) = postSolution
		SolutionGuid = {8C58D18D-4B19-4E60-A5F0-0F1539D22405}
	EndGlobalSection
EndGlobal
